Microsoft Visual Studio Solution File, Format Version 11.00
# Visual Studio 2010
Project("{2150E333-8FDC-42A3-9474-1A3956D46DE8}") = "解决方案项目", "解决方案项目", "{C8488B07-64E6-4A58-B094-B67E7587BDF0}"
	ProjectSection(SolutionItems) = preProject
		C:\Documents and Settings\Administrator\桌面\Net.vsd = C:\Documents and Settings\Administrator\桌面\Net.vsd
	EndProjectSection
EndProject
Project("{FAE04EC0-301F-11D3-BF4B-00C04F79EFBC}") = "Net", "Net.csproj", "{7AB36CCF-5FFD-4780-A54E-A102ECA028B5}"
EndProject
Project("{FAE04EC0-301F-11D3-BF4B-00C04F79EFBC}") = "FTPSVR", "..\FTPSVR\FTPSVR.csproj", "{D1AF7D26-45EB-40F7-80B6-B8874F4C73BF}"
EndProject
Global
	GlobalSection(SolutionConfigurationPlatforms) = preSolution
		Debug|Any CPU = Debug|Any CPU
		Debug|Mixed Platforms = Debug|Mixed Platforms
		Debug|x86 = Debug|x86
		Release|Any CPU = Release|Any CPU
		Release|Mixed Platforms = Release|Mixed Platforms
		Release|x86 = Release|x86
	EndGlobalSection
	GlobalSection(ProjectConfigurationPlatforms) = postSolution
		{7AB36CCF-5FFD-4780-A54E-A102ECA028B5}.Debug|Any CPU.ActiveCfg = Debug|Any CPU
		{7AB36CCF-5FFD-4780-A54E-A102ECA028B5}.Debug|Any CPU.Build.0 = Debug|Any CPU
		{7AB36CCF-5FFD-4780-A54E-A102ECA028B5}.Debug|Mixed Platforms.ActiveCfg = Debug|Any CPU
		{7AB36CCF-5FFD-4780-A54E-A102ECA028B5}.Debug|Mixed Platforms.Build.0 = Debug|Any CPU
		{7AB36CCF-5FFD-4780-A54E-A102ECA028B5}.Debug|x86.ActiveCfg = Debug|Any CPU
		{7AB36CCF-5FFD-4780-A54E-A102ECA028B5}.Release|Any CPU.ActiveCfg = Release|Any CPU
		{7AB36CCF-5FFD-4780-A54E-A102ECA028B5}.Release|Any CPU.Build.0 = Release|Any CPU
		{7AB36CCF-5FFD-4780-A54E-A102ECA028B5}.Release|Mixed Platforms.ActiveCfg = Release|Any CPU
		{7AB36CCF-5FFD-4780-A54E-A102ECA028B5}.Release|Mixed Platforms.Build.0 = Release|Any CPU
		{7AB36CCF-5FFD-4780-A54E-A102ECA028B5}.Release|x86.ActiveCfg = Release|Any CPU
		{D1AF7D26-45EB-40F7-80B6-B8874F4C73BF}.Debug|Any CPU.ActiveCfg = Debug|x86
		{D1AF7D26-45EB-40F7-80B6-B8874F4C73BF}.Debug|Mixed Platforms.ActiveCfg = Debug|x86
		{D1AF7D26-45EB-40F7-80B6-B8874F4C73BF}.Debug|Mixed Platforms.Build.0 = Debug|x86
		{D1AF7D26-45EB-40F7-80B6-B8874F4C73BF}.Debug|x86.ActiveCfg = Debug|x86
		{D1AF7D26-45EB-40F7-80B6-B8874F4C73BF}.Debug|x86.Build.0 = Debug|x86
		{D1AF7D26-45EB-40F7-80B6-B8874F4C73BF}.Release|Any CPU.ActiveCfg = Release|x86
		{D1AF7D26-45EB-40F7-80B6-B8874F4C73BF}.Release|Mixed Platforms.ActiveCfg = Release|x86
		{D1AF7D26-45EB-40F7-80B6-B8874F4C73BF}.Release|Mixed Platforms.Build.0 = Release|x86
		{D1AF7D26-45EB-40F7-80B6-B8874F4C73BF}.Release|x86.ActiveCfg = Release|x86
		{D1AF7D26-45EB-40F7-80B6-B8874F4C73BF}.Release|x86.Build.0 = Release|x86
	EndGlobalSection
	GlobalSection(SolutionProperties) = preSolution
		HideSolutionNode = FALSE
	EndGlobalSection
EndGlobal
